
Microsoft Visual Studio Solution File, Format Version 12.00
# Visual Studio Version 17
VisualStudioVersion = 17.3.32922.545
MinimumVisualStudioVersion = 10.0.40219.1
Project("{FAE04EC0-301F-11D3-BF4B-00C04F79EFBC}") = "RayTracing", "RayTracing\RayTracing.csproj", "{DFC84343-4EDF-402D-BEFA-5E4A4FCB1965}"
EndProject
Global
	GlobalSection(SolutionConfigurationPlatforms) = preSolution
		Debug|Any CPU = Debug|Any CPU
		Release|Any CPU = Release|Any CPU
	EndGlobalSection
	GlobalSection(ProjectConfigurationPlatforms) = postSolution
		{DFC84343-4EDF-402D-BEFA-5E4A4FCB1965}.Debug|Any CPU.ActiveCfg = Debug|Any CPU
		{DFC84343-4EDF-402D-BEFA-5E4A4FCB1965}.Debug|Any CPU.Build.0 = Debug|Any CPU
		{DFC84343-4EDF-402D-BEFA-5E4A4FCB1965}.Release|Any CPU.ActiveCfg = Release|Any CPU
		{DFC84343-4EDF-402D-BEFA-5E4A4FCB1965}.Release|Any CPU.Build.0 = Release|Any CPU
	EndGlobalSection
	GlobalSection(SolutionProperties) = preSolution
		HideSolutionNode = FALSE
	EndGlobalSection
	GlobalSection(ExtensibilityGlobals) = postSolution
		SolutionGuid = {AF231186-A062-43C2-A90D-66000B17B08C}
	EndGlobalSection
EndGlobal
